
Microsoft Visual Studio Solution File, Format Version 12.00
# Visual Studio 2012
VisualStudioVersion = 12.0.30501.0
MinimumVisualStudioVersion = 10.0.40219.1
Project("{FAE04EC0-301F-11D3-BF4B-00C04F79EFBC}") = "XamProjRef", "XamProjRef\XamProjRef\XamProjRef.csproj", "{4B025F3F-F9B4-4F74-A054-E6893EE34EF6}"
EndProject
Project("{FAE04EC0-301F-11D3-BF4B-00C04F79EFBC}") = "XamProjRef.iOS", "XamProjRef\XamProjRef.iOS\XamProjRef.iOS.csproj", "{BCE4C6A2-920A-4EC3-9798-ECF25780D67E}"
EndProject
Project("{FAE04EC0-301F-11D3-BF4B-00C04F79EFBC}") = "XamProjRef.Android", "XamProjRef\XamProjRef.Android\XamProjRef.Android.csproj", "{A64BA80F-8F97-4928-AAC8-6102AACE1087}"
EndProject
Project("{FAE04EC0-301F-11D3-BF4B-00C04F79EFBC}") = "XamProjRef.WinPhone", "XamProjRef\XamProjRef.WinPhone\XamProjRef.WinPhone.csproj", "{F0C5C4FB-89EA-44D3-A752-C233FD484D9C}"
EndProject
Global
	GlobalSection(SolutionConfigurationPlatforms) = preSolution
		Ad-Hoc|Any CPU = Ad-Hoc|Any CPU
		Ad-Hoc|ARM = Ad-Hoc|ARM
		Ad-Hoc|iPhone = Ad-Hoc|iPhone
		Ad-Hoc|iPhoneSimulator = Ad-Hoc|iPhoneSimulator
		Ad-Hoc|Mixed Platforms = Ad-Hoc|Mixed Platforms
		Ad-Hoc|x86 = Ad-Hoc|x86
		AppStore|Any CPU = AppStore|Any CPU
		AppStore|ARM = AppStore|ARM
		AppStore|iPhone = AppStore|iPhone
		AppStore|iPhoneSimulator = AppStore|iPhoneSimulator
		AppStore|Mixed Platforms = AppStore|Mixed Platforms
		AppStore|x86 = AppStore|x86
		Debug|Any CPU = Debug|Any CPU
		Debug|ARM = Debug|ARM
		Debug|iPhone = Debug|iPhone
		Debug|iPhoneSimulator = Debug|iPhoneSimulator
		Debug|Mixed Platforms = Debug|Mixed Platforms
		Debug|x86 = Debug|x86
		Release|Any CPU = Release|Any CPU
		Release|ARM = Release|ARM
		Release|iPhone = Release|iPhone
		Release|iPhoneSimulator = Release|iPhoneSimulator
		Release|Mixed Platforms = Release|Mixed Platforms
		Release|x86 = Release|x86
	EndGlobalSection
	GlobalSection(ProjectConfigurationPlatforms) = postSolution
		{4B025F3F-F9B4-4F74-A054-E6893EE34EF6}.Ad-Hoc|Any CPU.ActiveCfg = Release|Any CPU
		{4B025F3F-F9B4-4F74-A054-E6893EE34EF6}.Ad-Hoc|Any CPU.Build.0 = Release|Any CPU
		{4B025F3F-F9B4-4F74-A054-E6893EE34EF6}.Ad-Hoc|ARM.ActiveCfg = Release|Any CPU
		{4B025F3F-F9B4-4F74-A054-E6893EE34EF6}.Ad-Hoc|iPhone.ActiveCfg = Release|Any CPU
		{4B025F3F-F9B4-4F74-A054-E6893EE34EF6}.Ad-Hoc|iPhoneSimulator.ActiveCfg = Release|Any CPU
		{4B025F3F-F9B4-4F74-A054-E6893EE34EF6}.Ad-Hoc|Mixed Platforms.ActiveCfg = Release|Any CPU
		{4B025F3F-F9B4-4F74-A054-E6893EE34EF6}.Ad-Hoc|Mixed Platforms.Build.0 = Release|Any CPU
		{4B025F3F-F9B4-4F74-A054-E6893EE34EF6}.Ad-Hoc|x86.ActiveCfg = Release|Any CPU
		{4B025F3F-F9B4-4F74-A054-E6893EE34EF6}.AppStore|Any CPU.ActiveCfg = Release|Any CPU
		{4B025F3F-F9B4-4F74-A054-E6893EE34EF6}.AppStore|Any CPU.Build.0 = Release|Any CPU
		{4B025F3F-F9B4-4F74-A054-E6893EE34EF6}.AppStore|ARM.ActiveCfg = Release|Any CPU
		{4B025F3F-F9B4-4F74-A054-E6893EE34EF6}.AppStore|iPhone.ActiveCfg = Release|Any CPU
		{4B025F3F-F9B4-4F74-A054-E6893EE34EF6}.AppStore|iPhoneSimulator.ActiveCfg = Release|Any CPU
		{4B025F3F-F9B4-4F74-A054-E6893EE34EF6}.AppStore|Mixed Platforms.ActiveCfg = Release|Any CPU
		{4B025F3F-F9B4-4F74-A054-E6893EE34EF6}.AppStore|Mixed Platforms.Build.0 = Release|Any CPU
		{4B025F3F-F9B4-4F74-A054-E6893EE34EF6}.AppStore|x86.ActiveCfg = Release|Any CPU
		{4B025F3F-F9B4-4F74-A054-E6893EE34EF6}.Debug|Any CPU.ActiveCfg = Debug|Any CPU
		{4B025F3F-F9B4-4F74-A054-E6893EE34EF6}.Debug|Any CPU.Build.0 = Debug|Any CPU
		{4B025F3F-F9B4-4F74-A054-E6893EE34EF6}.Debug|ARM.ActiveCfg = Debug|Any CPU
		{4B025F3F-F9B4-4F74-A054-E6893EE34EF6}.Debug|iPhone.ActiveCfg = Debug|Any CPU
		{4B025F3F-F9B4-4F74-A054-E6893EE34EF6}.Debug|iPhoneSimulator.ActiveCfg = Debug|Any CPU
		{4B025F3F-F9B4-4F74-A054-E6893EE34EF6}.Debug|Mixed Platforms.ActiveCfg = Debug|Any CPU
		{4B025F3F-F9B4-4F74-A054-E6893EE34EF6}.Debug|Mixed Platforms.Build.0 = Debug|Any CPU
		{4B025F3F-F9B4-4F74-A054-E6893EE34EF6}.Debug|x86.ActiveCfg = Debug|Any CPU
		{4B025F3F-F9B4-4F74-A054-E6893EE34EF6}.Release|Any CPU.ActiveCfg = Release|Any CPU
		{4B025F3F-F9B4-4F74-A054-E6893EE34EF6}.Release|Any CPU.Build.0 = Release|Any CPU
		{4B025F3F-F9B4-4F74-A054-E6893EE34EF6}.Release|ARM.ActiveCfg = Release|Any CPU
		{4B025F3F-F9B4-4F74-A054-E6893EE34EF6}.Release|iPhone.ActiveCfg = Release|Any CPU
		{4B025F3F-F9B4-4F74-A054-E6893EE34EF6}.Release|iPhoneSimulator.ActiveCfg = Release|Any CPU
		{4B025F3F-F9B4-4F74-A054-E6893EE34EF6}.Release|Mixed Platforms.ActiveCfg = Release|Any CPU
		{4B025F3F-F9B4-4F74-A054-E6893EE34EF6}.Release|Mixed Platforms.Build.0 = Release|Any CPU
		{4B025F3F-F9B4-4F74-A054-E6893EE34EF6}.Release|x86.ActiveCfg = Release|Any CPU
		{A64BA80F-8F97-4928-AAC8-6102AACE1087}.Ad-Hoc|Any CPU.ActiveCfg = Release|Any CPU
		{A64BA80F-8F97-4928-AAC8-6102AACE1087}.Ad-Hoc|Any CPU.Build.0 = Release|Any CPU
		{A64BA80F-8F97-4928-AAC8-6102AACE1087}.Ad-Hoc|Any CPU.Deploy.0 = Release|Any CPU
		{A64BA80F-8F97-4928-AAC8-6102AACE1087}.Ad-Hoc|ARM.ActiveCfg = Release|Any CPU
		{A64BA80F-8F97-4928-AAC8-6102AACE1087}.Ad-Hoc|iPhone.ActiveCfg = Release|Any CPU
		{A64BA80F-8F97-4928-AAC8-6102AACE1087}.Ad-Hoc|iPhoneSimulator.ActiveCfg = Release|Any CPU
		{A64BA80F-8F97-4928-AAC8-6102AACE1087}.Ad-Hoc|Mixed Platforms.ActiveCfg = Release|Any CPU
		{A64BA80F-8F97-4928-AAC8-6102AACE1087}.Ad-Hoc|Mixed Platforms.Build.0 = Release|Any CPU
		{A64BA80F-8F97-4928-AAC8-6102AACE1087}.Ad-Hoc|Mixed Platforms.Deploy.0 = Release|Any CPU
		{A64BA80F-8F97-4928-AAC8-6102AACE1087}.Ad-Hoc|x86.ActiveCfg = Release|Any CPU
		{A64BA80F-8F97-4928-AAC8-6102AACE1087}.AppStore|Any CPU.ActiveCfg = Release|Any CPU
		{A64BA80F-8F97-4928-AAC8-6102AACE1087}.AppStore|Any CPU.Build.0 = Release|Any CPU
		{A64BA80F-8F97-4928-AAC8-6102AACE1087}.AppStore|Any CPU.Deploy.0 = Release|Any CPU
		{A64BA80F-8F97-4928-AAC8-6102AACE1087}.AppStore|ARM.ActiveCfg = Release|Any CPU
		{A64BA80F-8F97-4928-AAC8-6102AACE1087}.AppStore|iPhone.ActiveCfg = Release|Any CPU
		{A64BA80F-8F97-4928-AAC8-6102AACE1087}.AppStore|iPhoneSimulator.ActiveCfg = Release|Any CPU
		{A64BA80F-8F97-4928-AAC8-6102AACE1087}.AppStore|Mixed Platforms.ActiveCfg = Release|Any CPU
		{A64BA80F-8F97-4928-AAC8-6102AACE1087}.AppStore|Mixed Platforms.Build.0 = Release|Any CPU
		{A64BA80F-8F97-4928-AAC8-6102AACE1087}.AppStore|Mixed Platforms.Deploy.0 = Release|Any CPU
		{A64BA80F-8F97-4928-AAC8-6102AACE1087}.AppStore|x86.ActiveCfg = Release|Any CPU
		{A64BA80F-8F97-4928-AAC8-6102AACE1087}.Debug|Any CPU.ActiveCfg = Debug|Any CPU
		{A64BA80F-8F97-4928-AAC8-6102AACE1087}.Debug|Any CPU.Build.0 = Debug|Any CPU
		{A64BA80F-8F97-4928-AAC8-6102AACE1087}.Debug|Any CPU.Deploy.0 = Debug|Any CPU
		{A64BA80F-8F97-4928-AAC8-6102AACE1087}.Debug|ARM.ActiveCfg = Debug|Any CPU
		{A64BA80F-8F97-4928-AAC8-6102AACE1087}.Debug|iPhone.ActiveCfg = Debug|Any CPU
		{A64BA80F-8F97-4928-AAC8-6102AACE1087}.Debug|iPhoneSimulator.ActiveCfg = Debug|Any CPU
		{A64BA80F-8F97-4928-AAC8-6102AACE1087}.Debug|Mixed Platforms.ActiveCfg = Debug|Any CPU
		{A64BA80F-8F97-4928-AAC8-6102AACE1087}.Debug|Mixed Platforms.Build.0 = Debug|Any CPU
		{A64BA80F-8F97-4928-AAC8-6102AACE1087}.Debug|Mixed Platforms.Deploy.0 = Debug|Any CPU
		{A64BA80F-8F97-4928-AAC8-6102AACE1087}.Debug|x86.ActiveCfg = Debug|Any CPU
		{A64BA80F-8F97-4928-AAC8-6102AACE1087}.Release|Any CPU.ActiveCfg = Release|Any CPU
		{A64BA80F-8F97-4928-AAC8-6102AACE1087}.Release|Any CPU.Build.0 = Release|Any CPU
		{A64BA80F-8F97-4928-AAC8-6102AACE1087}.Release|Any CPU.Deploy.0 = Release|Any CPU
		{A64BA80F-8F97-4928-AAC8-6102AACE1087}.Release|ARM.ActiveCfg = Release|Any CPU
		{A64BA80F-8F97-4928-AAC8-6102AACE1087}.Release|iPhone.ActiveCfg = Release|Any CPU
		{A64BA80F-8F97-4928-AAC8-6102AACE1087}.Release|iPhoneSimulator.ActiveCfg = Release|Any CPU
		{A64BA80F-8F97-4928-AAC8-6102AACE1087}.Release|Mixed Platforms.ActiveCfg = Release|Any CPU
		{A64BA80F-8F97-4928-AAC8-6102AACE1087}.Release|Mixed Platforms.Build.0 = Release|Any CPU
		{A64BA80F-8F97-4928-AAC8-6102AACE1087}.Release|Mixed Platforms.Deploy.0 = Release|Any CPU
		{A64BA80F-8F97-4928-AAC8-6102AACE1087}.Release|x86.ActiveCfg = Release|Any CPU
		{BCE4C6A2-920A-4EC3-9798-ECF25780D67E}.Ad-Hoc|Any CPU.ActiveCfg = Ad-Hoc|iPhone
		{BCE4C6A2-920A-4EC3-9798-ECF25780D67E}.Ad-Hoc|ARM.ActiveCfg = Ad-Hoc|iPhone
		{BCE4C6A2-920A-4EC3-9798-ECF25780D67E}.Ad-Hoc|iPhone.ActiveCfg = Ad-Hoc|iPhone
		{BCE4C6A2-920A-4EC3-9798-ECF25780D67E}.Ad-Hoc|iPhone.Build.0 = Ad-Hoc|iPhone
		{BCE4C6A2-920A-4EC3-9798-ECF25780D67E}.Ad-Hoc|iPhoneSimulator.ActiveCfg = Ad-Hoc|iPhoneSimulator
		{BCE4C6A2-920A-4EC3-9798-ECF25780D67E}.Ad-Hoc|iPhoneSimulator.Build.0 = Ad-Hoc|iPhoneSimulator
		{BCE4C6A2-920A-4EC3-9798-ECF25780D67E}.Ad-Hoc|Mixed Platforms.ActiveCfg = Ad-Hoc|iPhone
		{BCE4C6A2-920A-4EC3-9798-ECF25780D67E}.Ad-Hoc|Mixed Platforms.Build.0 = Ad-Hoc|iPhone
		{BCE4C6A2-920A-4EC3-9798-ECF25780D67E}.Ad-Hoc|x86.ActiveCfg = Ad-Hoc|iPhone
		{BCE4C6A2-920A-4EC3-9798-ECF25780D67E}.AppStore|Any CPU.ActiveCfg = AppStore|iPhone
		{BCE4C6A2-920A-4EC3-9798-ECF25780D67E}.AppStore|ARM.ActiveCfg = AppStore|iPhone
		{BCE4C6A2-920A-4EC3-9798-ECF25780D67E}.AppStore|iPhone.ActiveCfg = AppStore|iPhone
		{BCE4C6A2-920A-4EC3-9798-ECF25780D67E}.AppStore|iPhone.Build.0 = AppStore|iPhone
		{BCE4C6A2-920A-4EC3-9798-ECF25780D67E}.AppStore|iPhoneSimulator.ActiveCfg = AppStore|iPhoneSimulator
		{BCE4C6A2-920A-4EC3-9798-ECF25780D67E}.AppStore|iPhoneSimulator.Build.0 = AppStore|iPhoneSimulator
		{BCE4C6A2-920A-4EC3-9798-ECF25780D67E}.AppStore|Mixed Platforms.ActiveCfg = AppStore|iPhone
		{BCE4C6A2-920A-4EC3-9798-ECF25780D67E}.AppStore|Mixed Platforms.Build.0 = AppStore|iPhone
		{BCE4C6A2-920A-4EC3-9798-ECF25780D67E}.AppStore|x86.ActiveCfg = AppStore|iPhone
		{BCE4C6A2-920A-4EC3-9798-ECF25780D67E}.Debug|Any CPU.ActiveCfg = Debug|iPhone
		{BCE4C6A2-920A-4EC3-9798-ECF25780D67E}.Debug|ARM.ActiveCfg = Debug|iPhone
		{BCE4C6A2-920A-4EC3-9798-ECF25780D67E}.Debug|iPhone.ActiveCfg = Debug|iPhone
		{BCE4C6A2-920A-4EC3-9798-ECF25780D67E}.Debug|iPhone.Build.0 = Debug|iPhone
		{BCE4C6A2-920A-4EC3-9798-ECF25780D67E}.Debug|iPhoneSimulator.ActiveCfg = Debug|iPhoneSimulator
		{BCE4C6A2-920A-4EC3-9798-ECF25780D67E}.Debug|iPhoneSimulator.Build.0 = Debug|iPhoneSimulator
		{BCE4C6A2-920A-4EC3-9798-ECF25780D67E}.Debug|Mixed Platforms.ActiveCfg = Debug|iPhone
		{BCE4C6A2-920A-4EC3-9798-ECF25780D67E}.Debug|Mixed Platforms.Build.0 = Debug|iPhone
		{BCE4C6A2-920A-4EC3-9798-ECF25780D67E}.Debug|x86.ActiveCfg = Debug|iPhone
		{BCE4C6A2-920A-4EC3-9798-ECF25780D67E}.Release|Any CPU.ActiveCfg = Release|iPhone
		{BCE4C6A2-920A-4EC3-9798-ECF25780D67E}.Release|ARM.ActiveCfg = Release|iPhone
		{BCE4C6A2-920A-4EC3-9798-ECF25780D67E}.Release|iPhone.ActiveCfg = Release|iPhone
		{BCE4C6A2-920A-4EC3-9798-ECF25780D67E}.Release|iPhone.Build.0 = Release|iPhone
		{BCE4C6A2-920A-4EC3-9798-ECF25780D67E}.Release|iPhoneSimulator.ActiveCfg = Release|iPhoneSimulator
		{BCE4C6A2-920A-4EC3-9798-ECF25780D67E}.Release|iPhoneSimulator.Build.0 = Release|iPhoneSimulator
		{BCE4C6A2-920A-4EC3-9798-ECF25780D67E}.Release|Mixed Platforms.ActiveCfg = Release|iPhone
		{BCE4C6A2-920A-4EC3-9798-ECF25780D67E}.Release|Mixed Platforms.Build.0 = Release|iPhone
		{BCE4C6A2-920A-4EC3-9798-ECF25780D67E}.Release|x86.ActiveCfg = Release|iPhone
		{F0C5C4FB-89EA-44D3-A752-C233FD484D9C}.Ad-Hoc|Any CPU.ActiveCfg = Release|Any CPU
		{F0C5C4FB-89EA-44D3-A752-C233FD484D9C}.Ad-Hoc|Any CPU.Build.0 = Release|Any CPU
		{F0C5C4FB-89EA-44D3-A752-C233FD484D9C}.Ad-Hoc|Any CPU.Deploy.0 = Release|Any CPU
		{F0C5C4FB-89EA-44D3-A752-C233FD484D9C}.Ad-Hoc|ARM.ActiveCfg = Release|ARM
		{F0C5C4FB-89EA-44D3-A752-C233FD484D9C}.Ad-Hoc|ARM.Build.0 = Release|ARM
		{F0C5C4FB-89EA-44D3-A752-C233FD484D9C}.Ad-Hoc|ARM.Deploy.0 = Release|ARM
		{F0C5C4FB-89EA-44D3-A752-C233FD484D9C}.Ad-Hoc|iPhone.ActiveCfg = Release|Any CPU
		{F0C5C4FB-89EA-44D3-A752-C233FD484D9C}.Ad-Hoc|iPhoneSimulator.ActiveCfg = Release|Any CPU
		{F0C5C4FB-89EA-44D3-A752-C233FD484D9C}.Ad-Hoc|Mixed Platforms.ActiveCfg = Release|x86
		{F0C5C4FB-89EA-44D3-A752-C233FD484D9C}.Ad-Hoc|Mixed Platforms.Build.0 = Release|x86
		{F0C5C4FB-89EA-44D3-A752-C233FD484D9C}.Ad-Hoc|Mixed Platforms.Deploy.0 = Release|x86
		{F0C5C4FB-89EA-44D3-A752-C233FD484D9C}.Ad-Hoc|x86.ActiveCfg = Release|x86
		{F0C5C4FB-89EA-44D3-A752-C233FD484D9C}.Ad-Hoc|x86.Build.0 = Release|x86
		{F0C5C4FB-89EA-44D3-A752-C233FD484D9C}.Ad-Hoc|x86.Deploy.0 = Release|x86
		{F0C5C4FB-89EA-44D3-A752-C233FD484D9C}.AppStore|Any CPU.ActiveCfg = Release|Any CPU
		{F0C5C4FB-89EA-44D3-A752-C233FD484D9C}.AppStore|Any CPU.Build.0 = Release|Any CPU
		{F0C5C4FB-89EA-44D3-A752-C233FD484D9C}.AppStore|Any CPU.Deploy.0 = Release|Any CPU
		{F0C5C4FB-89EA-44D3-A752-C233FD484D9C}.AppStore|ARM.ActiveCfg = Release|ARM
		{F0C5C4FB-89EA-44D3-A752-C233FD484D9C}.AppStore|ARM.Build.0 = Release|ARM
		{F0C5C4FB-89EA-44D3-A752-C233FD484D9C}.AppStore|ARM.Deploy.0 = Release|ARM
		{F0C5C4FB-89EA-44D3-A752-C233FD484D9C}.AppStore|iPhone.ActiveCfg = Release|Any CPU
		{F0C5C4FB-89EA-44D3-A752-C233FD484D9C}.AppStore|iPhoneSimulator.ActiveCfg = Release|Any CPU
		{F0C5C4FB-89EA-44D3-A752-C233FD484D9C}.AppStore|Mixed Platforms.ActiveCfg = Release|x86
		{F0C5C4FB-89EA-44D3-A752-C233FD484D9C}.AppStore|Mixed Platforms.Build.0 = Release|x86
		{F0C5C4FB-89EA-44D3-A752-C233FD484D9C}.AppStore|Mixed Platforms.Deploy.0 = Release|x86
		{F0C5C4FB-89EA-44D3-A752-C233FD484D9C}.AppStore|x86.ActiveCfg = Release|x86
		{F0C5C4FB-89EA-44D3-A752-C233FD484D9C}.AppStore|x86.Build.0 = Release|x86
		{F0C5C4FB-89EA-44D3-A752-C233FD484D9C}.AppStore|x86.Deploy.0 = Release|x86
		{F0C5C4FB-89EA-44D3-A752-C233FD484D9C}.Debug|Any CPU.ActiveCfg = Debug|Any CPU
		{F0C5C4FB-89EA-44D3-A752-C233FD484D9C}.Debug|Any CPU.Build.0 = Debug|Any CPU
		{F0C5C4FB-89EA-44D3-A752-C233FD484D9C}.Debug|Any CPU.Deploy.0 = Debug|Any CPU
		{F0C5C4FB-89EA-44D3-A752-C233FD484D9C}.Debug|ARM.ActiveCfg = Debug|ARM
		{F0C5C4FB-89EA-44D3-A752-C233FD484D9C}.Debug|ARM.Build.0 = Debug|ARM
		{F0C5C4FB-89EA-44D3-A752-C233FD484D9C}.Debug|ARM.Deploy.0 = Debug|ARM
		{F0C5C4FB-89EA-44D3-A752-C233FD484D9C}.Debug|iPhone.ActiveCfg = Debug|Any CPU
		{F0C5C4FB-89EA-44D3-A752-C233FD484D9C}.Debug|iPhoneSimulator.ActiveCfg = Debug|Any CPU
		{F0C5C4FB-89EA-44D3-A752-C233FD484D9C}.Debug|Mixed Platforms.ActiveCfg = Debug|x86
		{F0C5C4FB-89EA-44D3-A752-C233FD484D9C}.Debug|Mixed Platforms.Build.0 = Debug|x86
		{F0C5C4FB-89EA-44D3-A752-C233FD484D9C}.Debug|Mixed Platforms.Deploy.0 = Debug|x86
		{F0C5C4FB-89EA-44D3-A752-C233FD484D9C}.Debug|x86.ActiveCfg = Debug|x86
		{F0C5C4FB-89EA-44D3-A752-C233FD484D9C}.Debug|x86.Build.0 = Debug|x86
		{F0C5C4FB-89EA-44D3-A752-C233FD484D9C}.Debug|x86.Deploy.0 = Debug|x86
		{F0C5C4FB-89EA-44D3-A752-C233FD484D9C}.Release|Any CPU.ActiveCfg = Release|Any CPU
		{F0C5C4FB-89EA-44D3-A752-C233FD484D9C}.Release|Any CPU.Build.0 = Release|Any CPU
		{F0C5C4FB-89EA-44D3-A752-C233FD484D9C}.Release|Any CPU.Deploy.0 = Release|Any CPU
		{F0C5C4FB-89EA-44D3-A752-C233FD484D9C}.Release|ARM.ActiveCfg = Release|ARM
		{F0C5C4FB-89EA-44D3-A752-C233FD484D9C}.Release|ARM.Build.0 = Release|ARM
		{F0C5C4FB-89EA-44D3-A752-C233FD484D9C}.Release|ARM.Deploy.0 = Release|ARM
		{F0C5C4FB-89EA-44D3-A752-C233FD484D9C}.Release|iPhone.ActiveCfg = Release|Any CPU
		{F0C5C4FB-89EA-44D3-A752-C233FD484D9C}.Release|iPhoneSimulator.ActiveCfg = Release|Any CPU
		{F0C5C4FB-89EA-44D3-A752-C233FD484D9C}.Release|Mixed Platforms.ActiveCfg = Release|x86
		{F0C5C4FB-89EA-44D3-A752-C233FD484D9C}.Release|Mixed Platforms.Build.0 = Release|x86
		{F0C5C4FB-89EA-44D3-A752-C233FD484D9C}.Release|Mixed Platforms.Deploy.0 = Release|x86
		{F0C5C4FB-89EA-44D3-A752-C233FD484D9C}.Release|x86.ActiveCfg = Release|x86
		{F0C5C4FB-89EA-44D3-A752-C233FD484D9C}.Release|x86.Build.0 = Release|x86
		{F0C5C4FB-89EA-44D3-A752-C233FD484D9C}.Release|x86.Deploy.0 = Release|x86
	EndGlobalSection
	GlobalSection(MonoDevelopProperties) = preSolution
		StartupItem = XamProjRef\XamProjRef.Android\XamProjRef.Android.csproj
	EndGlobalSection
	GlobalSection(SolutionProperties) = preSolution
		HideSolutionNode = FALSE
	EndGlobalSection
EndGlobal
